// !$*UTF8*$!
{
	archiveVersion = 1;
	classes = {
	};
	objectVersion = 46;
	objects = {

/* Begin PBXBuildFile section */
		F52DB8DC1DFF030700347B03 /* AppDelegate.swift in Sources */ = {isa = PBXBuildFile; fileRef = F52DB8DB1DFF030700347B03 /* AppDelegate.swift */; };
		F52DB8DE1DFF030700347B03 /* ViewController.swift in Sources */ = {isa = PBXBuildFile; fileRef = F52DB8DD1DFF030700347B03 /* ViewController.swift */; };
		F52DB8E11DFF030700347B03 /* Main.storyboard in Resources */ = {isa = PBXBuildFile; fileRef = F52DB8DF1DFF030700347B03 /* Main.storyboard */; };
		F52DB8E31DFF030700347B03 /* Assets.xcassets in Resources */ = {isa = PBXBuildFile; fileRef = F52DB8E21DFF030700347B03 /* Assets.xcassets */; };
		F52DB8E61DFF030700347B03 /* LaunchScreen.storyboard in Resources */ = {isa = PBXBuildFile; fileRef = F52DB8E41DFF030700347B03 /* LaunchScreen.storyboard */; };
		F52DB8EF1DFF079C00347B03 /* Vehicle.swift in Sources */ = {isa = PBXBuildFile; fileRef = F52DB8EE1DFF079C00347B03 /* Vehicle.swift */; };
		F52DB8F31DFF1CA400347B03 /* Stormtrooper.swift in Sources */ = {isa = PBXBuildFile; fileRef = F52DB8F21DFF1CA400347B03 /* Stormtrooper.swift */; };
/* End PBXBuildFile section */

/* Begin PBXFileReference section */
		F52DB8D81DFF030700347B03 /* ARC.app */ = {isa = PBXFileReference; explicitFileType = wrapper.application; includeInIndex = 0; path = ARC.app; sourceTree = BUILT_PRODUCTS_DIR; };
		F52DB8DB1DFF030700347B03 /* AppDelegate.swift */ = {isa = PBXFileReference; lastKnownFileType = sourcecode.swift; path = AppDelegate.swift; sourceTree = "<group>"; };
		F52DB8DD1DFF030700347B03 /* ViewController.swift */ = {isa = PBXFileReference; lastKnownFileType = sourcecode.swift; path = ViewController.swift; sourceTree = "<group>"; };
		F52DB8E01DFF030700347B03 /* Base */ = {isa = PBXFileReference; lastKnownFileType = file.storyboard; name = Base; path = Base.lproj/Main.storyboard; sourceTree = "<group>"; };
		F52DB8E21DFF030700347B03 /* Assets.xcassets */ = {isa = PBXFileReference; lastKnownFileType = folder.assetcatalog; path = Assets.xcassets; sourceTree = "<group>"; };
		F52DB8E51DFF030700347B03 /* Base */ = {isa = PBXFileReference; lastKnownFileType = file.storyboard; name = Base; path = Base.lproj/LaunchScreen.storyboard; sourceTree = "<group>"; };
		F52DB8E71DFF030700347B03 /* Info.plist */ = {isa = PBXFileReference; lastKnownFileType = text.plist.xml; path = Info.plist; sourceTree = "<group>"; };
		F52DB8EE1DFF079C00347B03 /* Vehicle.swift */ = {isa = PBXFileReference; fileEncoding = 4; lastKnownFileType = sourcecode.swift; path = Vehicle.swift; sourceTree = "<group>"; };
		F52DB8F21DFF1CA400347B03 /* Stormtrooper.swift */ = {isa = PBXFileReference; fileEncoding = 4; lastKnownFileType = sourcecode.swift; path = Stormtrooper.swift; sourceTree = "<group>"; };
/* End PBXFileReference section */

/* Begin PBXFrameworksBuildPhase section */
		F52DB8D51DFF030700347B03 /* Frameworks */ = {
			isa = PBXFrameworksBuildPhase;
			buildActionMask = 2147483647;
			files = (
			);
			runOnlyForDeploymentPostprocessing = 0;
		};
/* End PBXFrameworksBuildPhase section */

/* Begin PBXGroup section */
		F52DB8CF1DFF030700347B03 = {
			isa = PBXGroup;
			children = (
				F52DB8DA1DFF030700347B03 /* ARC */,
				F52DB8D91DFF030700347B03 /* Products */,
			);
			sourceTree = "<group>";
		};
		F52DB8D91DFF030700347B03 /* Products */ = {
			isa = PBXGroup;
			children = (
				F52DB8D81DFF030700347B03 /* ARC.app */,
			);
			name = Products;
			sourceTree = "<group>";
		};
		F52DB8DA1DFF030700347B03 /* ARC */ = {
			isa = PBXGroup;
			children = (
				F52DB8ED1DFF031D00347B03 /* Models */,
				F52DB8DB1DFF030700347B03 /* AppDelegate.swift */,
				F52DB8DD1DFF030700347B03 /* ViewController.swift */,
				F52DB8DF1DFF030700347B03 /* Main.storyboard */,
				F52DB8E21DFF030700347B03 /* Assets.xcassets */,
				F52DB8E41DFF030700347B03 /* LaunchScreen.storyboard */,
				F52DB8E71DFF030700347B03 /* Info.plist */,
			);
			path = ARC;
			sourceTree = "<group>";
		};
		F52DB8ED1DFF031D00347B03 /* Models */ = {
			isa = PBXGroup;
			children = (
				F52DB8EE1DFF079C00347B03 /* Vehicle.swift */,
				F52DB8F21DFF1CA400347B03 /* Stormtrooper.swift */,
			);
			name = Models;
			sourceTree = "<group>";
		};
/* End PBXGroup section */

/* Begin PBXNativeTarget section */
		F52DB8D71DFF030700347B03 /* ARC */ = {
			isa = PBXNativeTarget;
			buildConfigurationList = F52DB8EA1DFF030700347B03 /* Build configuration list for PBXNativeTarget "ARC" */;
			buildPhases = (
				F52DB8D41DFF030700347B03 /* Sources */,
				F52DB8D51DFF030700347B03 /* Frameworks */,
				F52DB8D61DFF030700347B03 /* Resources */,
			);
			buildRules = (
			);
			dependencies = (
			);
			name = ARC;
			productName = ARC;
			productReference = F52DB8D81DFF030700347B03 /* ARC.app */;
			productType = "com.apple.product-type.application";
		};
/* End PBXNativeTarget section */

/* Begin PBXProject section */
		F52DB8D01DFF030700347B03 /* Project object */ = {
			isa = PBXProject;
			attributes = {
				LastSwiftUpdateCheck = 0800;
				LastUpgradeCheck = 0800;
				ORGANIZATIONNAME = none;
				TargetAttributes = {
					F52DB8D71DFF030700347B03 = {
						CreatedOnToolsVersion = 8.0;
						ProvisioningStyle = Automatic;
					};
				};
			};
			buildConfigurationList = F52DB8D31DFF030700347B03 /* Build configuration list for PBXProject "ARC" */;
			compatibilityVersion = "Xcode 3.2";
			developmentRegion = English;
			hasScannedForEncodings = 0;
			knownRegions = (
				en,
				Base,
			);
			mainGroup = F52DB8CF1DFF030700347B03;
			productRefGroup = F52DB8D91DFF030700347B03 /* Products */;
			projectDirPath = "";
			projectRoot = "";
			targets = (
				F52DB8D71DFF030700347B03 /* ARC */,
			);
		};
/* End PBXProject section */

/* Begin PBXResourcesBuildPhase section */
		F52DB8D61DFF030700347B03 /* Resources */ = {
			isa = PBXResourcesBuildPhase;
			buildActionMask = 2147483647;
			files = (
				F52DB8E61DFF030700347B03 /* LaunchScreen.storyboard in Resources */,
				F52DB8E31DFF030700347B03 /* Assets.xcassets in Resources */,
				F52DB8E11DFF030700347B03 /* Main.storyboard in Resources */,
			);
			runOnlyForDeploymentPostprocessing = 0;
		};
/* End PBXResourcesBuildPhase section */

/* Begin PBXSourcesBuildPhase section */
		F52DB8D41DFF030700347B03 /* Sources */ = {
			isa = PBXSourcesBuildPhase;
			buildActionMask = 2147483647;
			files = (
				F52DB8EF1DFF079C00347B03 /* Vehicle.swift in Sources */,
				F52DB8F31DFF1CA400347B03 /* Stormtrooper.swift in Sources */,
				F52DB8DE1DFF030700347B03 /* ViewController.swift in Sources */,
				F52DB8DC1DFF030700347B03 /* AppDelegate.swift in Sources */,
			);
			runOnlyForDeploymentPostprocessing = 0;
		};
/* End PBXSourcesBuildPhase section */

/* Begin PBXVariantGroup section */
		F52DB8DF1DFF030700347B03 /* Main.storyboard */ = {
			isa = PBXVariantGroup;
			children = (
				F52DB8E01DFF030700347B03 /* Base */,
			);
			name = Main.storyboard;
			sourceTree = "<group>";
		};
		F52DB8E41DFF030700347B03 /* LaunchScreen.storyboard */ = {
			isa = PBXVariantGroup;
			children = (
				F52DB8E51DFF030700347B03 /* Base */,
			);
			name = LaunchScreen.storyboard;
			sourceTree = "<group>";
		};
/* End PBXVariantGroup section */

/* Begin XCBuildConfiguration section */
		F52DB8E81DFF030700347B03 /* Debug */ = {
			isa = XCBuildConfiguration;
			buildSettings = {
				ALWAYS_SEARCH_USER_PATHS = NO;
				CLANG_ANALYZER_NONNULL = YES;
				CLANG_CXX_LANGUAGE_STANDARD = "gnu++0x";
				CLANG_CXX_LIBRARY = "libc++";
				CLANG_ENABLE_MODULES = YES;
				CLANG_ENABLE_OBJC_ARC = YES;
				CLANG_WARN_BOOL_CONVERSION = YES;
				CLANG_WARN_CONSTANT_CONVERSION = YES;
				CLANG_WARN_DIRECT_OBJC_ISA_USAGE = YES_ERROR;
				CLANG_WARN_DOCUMENTATION_COMMENTS = YES;
				CLANG_WARN_EMPTY_BODY = YES;
				CLANG_WARN_ENUM_CONVERSION = YES;
				CLANG_WARN_INFINITE_RECURSION = YES;
				CLANG_WARN_INT_CONVERSION = YES;
				CLANG_WARN_OBJC_ROOT_CLASS = YES_ERROR;
				CLANG_WARN_SUSPICIOUS_MOVES = YES;
				CLANG_WARN_UNREACHABLE_CODE = YES;
				CLANG_WARN__DUPLICATE_METHOD_MATCH = YES;
				"CODE_SIGN_IDENTITY[sdk=iphoneos*]" = "iPhone Developer";
				COPY_PHASE_STRIP = NO;
				DEBUG_INFORMATION_FORMAT = dwarf;
				ENABLE_STRICT_OBJC_MSGSEND = YES;
				ENABLE_TESTABILITY = YES;
				GCC_C_LANGUAGE_STANDARD = gnu99;
				GCC_DYNAMIC_NO_PIC = NO;
				GCC_NO_COMMON_BLOCKS = YES;
				GCC_OPTIMIZATION_LEVEL = 0;
				GCC_PREPROCESSOR_DEFINITIONS = (
					"DEBUG=1",
					"$(inherited)",
				);
				GCC_WARN_64_TO_32_BIT_CONVERSION = YES;
				GCC_WARN_ABOUT_RETURN_TYPE = YES_ERROR;
				GCC_WARN_UNDECLARED_SELECTOR = YES;
				GCC_WARN_UNINITIALIZED_AUTOS = YES_AGGRESSIVE;
				GCC_WARN_UNUSED_FUNCTION = YES;
				GCC_WARN_UNUSED_VARIABLE = YES;
				IPHONEOS_DEPLOYMENT_TARGET = 10.0;
				MTL_ENABLE_DEBUG_INFO = YES;
				ONLY_ACTIVE_ARCH = YES;
				SDKROOT = iphoneos;
				SWIFT_ACTIVE_COMPILATION_CONDITIONS = DEBUG;
				SWIFT_OPTIMIZATION_LEVEL = "-Onone";
			};
			name = Debug;
		};
		F52DB8E91DFF030700347B03 /* Release */ = {
			isa = XCBuildConfiguration;
			buildSettings = {
				ALWAYS_SEARCH_USER_PATHS = NO;
				CLANG_ANALYZER_NONNULL = YES;
				CLANG_CXX_LANGUAGE_STANDARD = "gnu++0x";
				CLANG_CXX_LIBRARY = "libc++";
				CLANG_ENABLE_MODULES = YES;
				CLANG_ENABLE_OBJC_ARC = YES;
				CLANG_WARN_BOOL_CONVERSION = YES;
				CLANG_WARN_CONSTANT_CONVERSION = YES;
				CLANG_WARN_DIRECT_OBJC_ISA_USAGE = YES_ERROR;
				CLANG_WARN_DOCUMENTATION_COMMENTS = YES;
				CLANG_WARN_EMPTY_BODY = YES;
				CLANG_WARN_ENUM_CONVERSION = YES;
				CLANG_WARN_INFINITE_RECURSION = YES;
				CLANG_WARN_INT_CONVERSION = YES;
				CLANG_WARN_OBJC_ROOT_CLASS = YES_ERROR;
				CLANG_WARN_SUSPICIOUS_MOVES = YES;
				CLANG_WARN_UNREACHABLE_CODE = YES;
				CLANG_WARN__DUPLICATE_METHOD_MATCH = YES;
				"CODE_SIGN_IDENTITY[sdk=iphoneos*]" = "iPhone Developer";
				COPY_PHASE_STRIP = NO;
				DEBUG_INFORMATION_FORMAT = "dwarf-with-dsym";
				ENABLE_NS_ASSERTIONS = NO;
				ENABLE_STRICT_OBJC_MSGSEND = YES;
				GCC_C_LANGUAGE_STANDARD = gnu99;
				GCC_NO_COMMON_BLOCKS = YES;
				GCC_WARN_64_TO_32_BIT_CONVERSION = YES;
				GCC_WARN_ABOUT_RETURN_TYPE = YES_ERROR;
				GCC_WARN_UNDECLARED_SELECTOR = YES;
				GCC_WARN_UNINITIALIZED_AUTOS = YES_AGGRESSIVE;
				GCC_WARN_UNUSED_FUNCTION = YES;
				GCC_WARN_UNUSED_VARIABLE = YES;
				IPHONEOS_DEPLOYMENT_TARGET = 10.0;
				MTL_ENABLE_DEBUG_INFO = NO;
				SDKROOT = iphoneos;
				SWIFT_OPTIMIZATION_LEVEL = "-Owholemodule";
				VALIDATE_PRODUCT = YES;
			};
			name = Release;
		};
		F52DB8EB1DFF030700347B03 /* Debug */ = {
			isa = XCBuildConfiguration;
			buildSettings = {
				ASSETCATALOG_COMPILER_APPICON_NAME = AppIcon;
				INFOPLIST_FILE = ARC/Info.plist;
				LD_RUNPATH_SEARCH_PATHS = "$(inherited) @executable_path/Frameworks";
				PRODUCT_BUNDLE_IDENTIFIER = none.ARC;
				PRODUCT_NAME = "$(TARGET_NAME)";
				SWIFT_VERSION = 3.0;
			};
			name = Debug;
		};
		F52DB8EC1DFF030700347B03 /* Release */ = {
			isa = XCBuildConfiguration;
			buildSettings = {
				ASSETCATALOG_COMPILER_APPICON_NAME = AppIcon;
				INFOPLIST_FILE = ARC/Info.plist;
				LD_RUNPATH_SEARCH_PATHS = "$(inherited) @executable_path/Frameworks";
				PRODUCT_BUNDLE_IDENTIFIER = none.ARC;
				PRODUCT_NAME = "$(TARGET_NAME)";
				SWIFT_VERSION = 3.0;
			};
			name = Release;
		};
/* End XCBuildConfiguration section */

/* Begin XCConfigurationList section */
		F52DB8D31DFF030700347B03 /* Build configuration list for PBXProject "ARC" */ = {
			isa = XCConfigurationList;
			buildConfigurations = (
				F52DB8E81DFF030700347B03 /* Debug */,
				F52DB8E91DFF030700347B03 /* Release */,
			);
			defaultConfigurationIsVisible = 0;
			defaultConfigurationName = Release;
		};
		F52DB8EA1DFF030700347B03 /* Build configuration list for PBXNativeTarget "ARC" */ = {
			isa = XCConfigurationList;
			buildConfigurations = (
				F52DB8EB1DFF030700347B03 /* Debug */,
				F52DB8EC1DFF030700347B03 /* Release */,
			);
			defaultConfigurationIsVisible = 0;
		};
/* End XCConfigurationList section */
	};
	rootObject = F52DB8D01DFF030700347B03 /* Project object */;
}
