// !$*UTF8*$!
{
	archiveVersion = 1;
	classes = {
	};
	objectVersion = 46;
	objects = {

/* Begin PBXBuildFile section */
		F5A201131DFAAE1A00193175 /* AppDelegate.swift in Sources */ = {isa = PBXBuildFile; fileRef = F5A201121DFAAE1A00193175 /* AppDelegate.swift */; };
		F5A201151DFAAE1A00193175 /* ViewController.swift in Sources */ = {isa = PBXBuildFile; fileRef = F5A201141DFAAE1A00193175 /* ViewController.swift */; };
		F5A201181DFAAE1A00193175 /* Main.storyboard in Resources */ = {isa = PBXBuildFile; fileRef = F5A201161DFAAE1A00193175 /* Main.storyboard */; };
		F5A2011A1DFAAE1A00193175 /* Assets.xcassets in Resources */ = {isa = PBXBuildFile; fileRef = F5A201191DFAAE1A00193175 /* Assets.xcassets */; };
		F5A2011D1DFAAE1A00193175 /* LaunchScreen.storyboard in Resources */ = {isa = PBXBuildFile; fileRef = F5A2011B1DFAAE1A00193175 /* LaunchScreen.storyboard */; };
		F5A201281DFAAE1A00193175 /* UnitTestTests.swift in Sources */ = {isa = PBXBuildFile; fileRef = F5A201271DFAAE1A00193175 /* UnitTestTests.swift */; };
		F5A201331DFAAE5400193175 /* Car.swift in Sources */ = {isa = PBXBuildFile; fileRef = F5A201321DFAAE5400193175 /* Car.swift */; };
		F5A201371DFAE0D600193175 /* CarTests.swift in Sources */ = {isa = PBXBuildFile; fileRef = F5A201361DFAE0D600193175 /* CarTests.swift */; };
/* End PBXBuildFile section */

/* Begin PBXContainerItemProxy section */
		F5A201241DFAAE1A00193175 /* PBXContainerItemProxy */ = {
			isa = PBXContainerItemProxy;
			containerPortal = F5A201071DFAAE1A00193175 /* Project object */;
			proxyType = 1;
			remoteGlobalIDString = F5A2010E1DFAAE1A00193175;
			remoteInfo = UnitTest;
		};
/* End PBXContainerItemProxy section */

/* Begin PBXFileReference section */
		F5A2010F1DFAAE1A00193175 /* UnitTest.app */ = {isa = PBXFileReference; explicitFileType = wrapper.application; includeInIndex = 0; path = UnitTest.app; sourceTree = BUILT_PRODUCTS_DIR; };
		F5A201121DFAAE1A00193175 /* AppDelegate.swift */ = {isa = PBXFileReference; lastKnownFileType = sourcecode.swift; path = AppDelegate.swift; sourceTree = "<group>"; };
		F5A201141DFAAE1A00193175 /* ViewController.swift */ = {isa = PBXFileReference; lastKnownFileType = sourcecode.swift; path = ViewController.swift; sourceTree = "<group>"; };
		F5A201171DFAAE1A00193175 /* Base */ = {isa = PBXFileReference; lastKnownFileType = file.storyboard; name = Base; path = Base.lproj/Main.storyboard; sourceTree = "<group>"; };
		F5A201191DFAAE1A00193175 /* Assets.xcassets */ = {isa = PBXFileReference; lastKnownFileType = folder.assetcatalog; path = Assets.xcassets; sourceTree = "<group>"; };
		F5A2011C1DFAAE1A00193175 /* Base */ = {isa = PBXFileReference; lastKnownFileType = file.storyboard; name = Base; path = Base.lproj/LaunchScreen.storyboard; sourceTree = "<group>"; };
		F5A2011E1DFAAE1A00193175 /* Info.plist */ = {isa = PBXFileReference; lastKnownFileType = text.plist.xml; path = Info.plist; sourceTree = "<group>"; };
		F5A201231DFAAE1A00193175 /* UnitTestTests.xctest */ = {isa = PBXFileReference; explicitFileType = wrapper.cfbundle; includeInIndex = 0; path = UnitTestTests.xctest; sourceTree = BUILT_PRODUCTS_DIR; };
		F5A201271DFAAE1A00193175 /* UnitTestTests.swift */ = {isa = PBXFileReference; lastKnownFileType = sourcecode.swift; path = UnitTestTests.swift; sourceTree = "<group>"; };
		F5A201291DFAAE1A00193175 /* Info.plist */ = {isa = PBXFileReference; lastKnownFileType = text.plist.xml; path = Info.plist; sourceTree = "<group>"; };
		F5A201321DFAAE5400193175 /* Car.swift */ = {isa = PBXFileReference; fileEncoding = 4; lastKnownFileType = sourcecode.swift; path = Car.swift; sourceTree = "<group>"; };
		F5A201361DFAE0D600193175 /* CarTests.swift */ = {isa = PBXFileReference; fileEncoding = 4; lastKnownFileType = sourcecode.swift; name = CarTests.swift; path = ../UnitTest/CarTests.swift; sourceTree = "<group>"; };
/* End PBXFileReference section */

/* Begin PBXFrameworksBuildPhase section */
		F5A2010C1DFAAE1A00193175 /* Frameworks */ = {
			isa = PBXFrameworksBuildPhase;
			buildActionMask = 2147483647;
			files = (
			);
			runOnlyForDeploymentPostprocessing = 0;
		};
		F5A201201DFAAE1A00193175 /* Frameworks */ = {
			isa = PBXFrameworksBuildPhase;
			buildActionMask = 2147483647;
			files = (
			);
			runOnlyForDeploymentPostprocessing = 0;
		};
/* End PBXFrameworksBuildPhase section */

/* Begin PBXGroup section */
		F5A201061DFAAE1A00193175 = {
			isa = PBXGroup;
			children = (
				F5A201111DFAAE1A00193175 /* UnitTest */,
				F5A201261DFAAE1A00193175 /* UnitTestTests */,
				F5A201101DFAAE1A00193175 /* Products */,
			);
			sourceTree = "<group>";
		};
		F5A201101DFAAE1A00193175 /* Products */ = {
			isa = PBXGroup;
			children = (
				F5A2010F1DFAAE1A00193175 /* UnitTest.app */,
				F5A201231DFAAE1A00193175 /* UnitTestTests.xctest */,
			);
			name = Products;
			sourceTree = "<group>";
		};
		F5A201111DFAAE1A00193175 /* UnitTest */ = {
			isa = PBXGroup;
			children = (
				F5A201121DFAAE1A00193175 /* AppDelegate.swift */,
				F5A201141DFAAE1A00193175 /* ViewController.swift */,
				F5A201161DFAAE1A00193175 /* Main.storyboard */,
				F5A201191DFAAE1A00193175 /* Assets.xcassets */,
				F5A2011B1DFAAE1A00193175 /* LaunchScreen.storyboard */,
				F5A2011E1DFAAE1A00193175 /* Info.plist */,
				F5A201321DFAAE5400193175 /* Car.swift */,
			);
			path = UnitTest;
			sourceTree = "<group>";
		};
		F5A201261DFAAE1A00193175 /* UnitTestTests */ = {
			isa = PBXGroup;
			children = (
				F5A201271DFAAE1A00193175 /* UnitTestTests.swift */,
				F5A201361DFAE0D600193175 /* CarTests.swift */,
				F5A201291DFAAE1A00193175 /* Info.plist */,
			);
			path = UnitTestTests;
			sourceTree = "<group>";
		};
/* End PBXGroup section */

/* Begin PBXNativeTarget section */
		F5A2010E1DFAAE1A00193175 /* UnitTest */ = {
			isa = PBXNativeTarget;
			buildConfigurationList = F5A2012C1DFAAE1A00193175 /* Build configuration list for PBXNativeTarget "UnitTest" */;
			buildPhases = (
				F5A2010B1DFAAE1A00193175 /* Sources */,
				F5A2010C1DFAAE1A00193175 /* Frameworks */,
				F5A2010D1DFAAE1A00193175 /* Resources */,
			);
			buildRules = (
			);
			dependencies = (
			);
			name = UnitTest;
			productName = UnitTest;
			productReference = F5A2010F1DFAAE1A00193175 /* UnitTest.app */;
			productType = "com.apple.product-type.application";
		};
		F5A201221DFAAE1A00193175 /* UnitTestTests */ = {
			isa = PBXNativeTarget;
			buildConfigurationList = F5A2012F1DFAAE1A00193175 /* Build configuration list for PBXNativeTarget "UnitTestTests" */;
			buildPhases = (
				F5A2011F1DFAAE1A00193175 /* Sources */,
				F5A201201DFAAE1A00193175 /* Frameworks */,
				F5A201211DFAAE1A00193175 /* Resources */,
			);
			buildRules = (
			);
			dependencies = (
				F5A201251DFAAE1A00193175 /* PBXTargetDependency */,
			);
			name = UnitTestTests;
			productName = UnitTestTests;
			productReference = F5A201231DFAAE1A00193175 /* UnitTestTests.xctest */;
			productType = "com.apple.product-type.bundle.unit-test";
		};
/* End PBXNativeTarget section */

/* Begin PBXProject section */
		F5A201071DFAAE1A00193175 /* Project object */ = {
			isa = PBXProject;
			attributes = {
				LastSwiftUpdateCheck = 0800;
				LastUpgradeCheck = 0800;
				ORGANIZATIONNAME = none;
				TargetAttributes = {
					F5A2010E1DFAAE1A00193175 = {
						CreatedOnToolsVersion = 8.0;
						DevelopmentTeam = 96DYBAQ8SB;
						ProvisioningStyle = Automatic;
					};
					F5A201221DFAAE1A00193175 = {
						CreatedOnToolsVersion = 8.0;
						ProvisioningStyle = Automatic;
						TestTargetID = F5A2010E1DFAAE1A00193175;
					};
				};
			};
			buildConfigurationList = F5A2010A1DFAAE1A00193175 /* Build configuration list for PBXProject "UnitTest" */;
			compatibilityVersion = "Xcode 3.2";
			developmentRegion = English;
			hasScannedForEncodings = 0;
			knownRegions = (
				en,
				Base,
			);
			mainGroup = F5A201061DFAAE1A00193175;
			productRefGroup = F5A201101DFAAE1A00193175 /* Products */;
			projectDirPath = "";
			projectRoot = "";
			targets = (
				F5A2010E1DFAAE1A00193175 /* UnitTest */,
				F5A201221DFAAE1A00193175 /* UnitTestTests */,
			);
		};
/* End PBXProject section */

/* Begin PBXResourcesBuildPhase section */
		F5A2010D1DFAAE1A00193175 /* Resources */ = {
			isa = PBXResourcesBuildPhase;
			buildActionMask = 2147483647;
			files = (
				F5A2011D1DFAAE1A00193175 /* LaunchScreen.storyboard in Resources */,
				F5A2011A1DFAAE1A00193175 /* Assets.xcassets in Resources */,
				F5A201181DFAAE1A00193175 /* Main.storyboard in Resources */,
			);
			runOnlyForDeploymentPostprocessing = 0;
		};
		F5A201211DFAAE1A00193175 /* Resources */ = {
			isa = PBXResourcesBuildPhase;
			buildActionMask = 2147483647;
			files = (
			);
			runOnlyForDeploymentPostprocessing = 0;
		};
/* End PBXResourcesBuildPhase section */

/* Begin PBXSourcesBuildPhase section */
		F5A2010B1DFAAE1A00193175 /* Sources */ = {
			isa = PBXSourcesBuildPhase;
			buildActionMask = 2147483647;
			files = (
				F5A201151DFAAE1A00193175 /* ViewController.swift in Sources */,
				F5A201331DFAAE5400193175 /* Car.swift in Sources */,
				F5A201131DFAAE1A00193175 /* AppDelegate.swift in Sources */,
			);
			runOnlyForDeploymentPostprocessing = 0;
		};
		F5A2011F1DFAAE1A00193175 /* Sources */ = {
			isa = PBXSourcesBuildPhase;
			buildActionMask = 2147483647;
			files = (
				F5A201371DFAE0D600193175 /* CarTests.swift in Sources */,
				F5A201281DFAAE1A00193175 /* UnitTestTests.swift in Sources */,
			);
			runOnlyForDeploymentPostprocessing = 0;
		};
/* End PBXSourcesBuildPhase section */

/* Begin PBXTargetDependency section */
		F5A201251DFAAE1A00193175 /* PBXTargetDependency */ = {
			isa = PBXTargetDependency;
			target = F5A2010E1DFAAE1A00193175 /* UnitTest */;
			targetProxy = F5A201241DFAAE1A00193175 /* PBXContainerItemProxy */;
		};
/* End PBXTargetDependency section */

/* Begin PBXVariantGroup section */
		F5A201161DFAAE1A00193175 /* Main.storyboard */ = {
			isa = PBXVariantGroup;
			children = (
				F5A201171DFAAE1A00193175 /* Base */,
			);
			name = Main.storyboard;
			sourceTree = "<group>";
		};
		F5A2011B1DFAAE1A00193175 /* LaunchScreen.storyboard */ = {
			isa = PBXVariantGroup;
			children = (
				F5A2011C1DFAAE1A00193175 /* Base */,
			);
			name = LaunchScreen.storyboard;
			sourceTree = "<group>";
		};
/* End PBXVariantGroup section */

/* Begin XCBuildConfiguration section */
		F5A2012A1DFAAE1A00193175 /* Debug */ = {
			isa = XCBuildConfiguration;
			buildSettings = {
				ALWAYS_SEARCH_USER_PATHS = NO;
				CLANG_ANALYZER_NONNULL = YES;
				CLANG_CXX_LANGUAGE_STANDARD = "gnu++0x";
				CLANG_CXX_LIBRARY = "libc++";
				CLANG_ENABLE_MODULES = YES;
				CLANG_ENABLE_OBJC_ARC = YES;
				CLANG_WARN_BOOL_CONVERSION = YES;
				CLANG_WARN_CONSTANT_CONVERSION = YES;
				CLANG_WARN_DIRECT_OBJC_ISA_USAGE = YES_ERROR;
				CLANG_WARN_DOCUMENTATION_COMMENTS = YES;
				CLANG_WARN_EMPTY_BODY = YES;
				CLANG_WARN_ENUM_CONVERSION = YES;
				CLANG_WARN_INFINITE_RECURSION = YES;
				CLANG_WARN_INT_CONVERSION = YES;
				CLANG_WARN_OBJC_ROOT_CLASS = YES_ERROR;
				CLANG_WARN_SUSPICIOUS_MOVES = YES;
				CLANG_WARN_UNREACHABLE_CODE = YES;
				CLANG_WARN__DUPLICATE_METHOD_MATCH = YES;
				"CODE_SIGN_IDENTITY[sdk=iphoneos*]" = "iPhone Developer";
				COPY_PHASE_STRIP = NO;
				DEBUG_INFORMATION_FORMAT = dwarf;
				ENABLE_STRICT_OBJC_MSGSEND = YES;
				ENABLE_TESTABILITY = YES;
				GCC_C_LANGUAGE_STANDARD = gnu99;
				GCC_DYNAMIC_NO_PIC = NO;
				GCC_NO_COMMON_BLOCKS = YES;
				GCC_OPTIMIZATION_LEVEL = 0;
				GCC_PREPROCESSOR_DEFINITIONS = (
					"DEBUG=1",
					"$(inherited)",
				);
				GCC_WARN_64_TO_32_BIT_CONVERSION = YES;
				GCC_WARN_ABOUT_RETURN_TYPE = YES_ERROR;
				GCC_WARN_UNDECLARED_SELECTOR = YES;
				GCC_WARN_UNINITIALIZED_AUTOS = YES_AGGRESSIVE;
				GCC_WARN_UNUSED_FUNCTION = YES;
				GCC_WARN_UNUSED_VARIABLE = YES;
				IPHONEOS_DEPLOYMENT_TARGET = 10.0;
				MTL_ENABLE_DEBUG_INFO = YES;
				ONLY_ACTIVE_ARCH = YES;
				SDKROOT = iphoneos;
				SWIFT_ACTIVE_COMPILATION_CONDITIONS = DEBUG;
				SWIFT_OPTIMIZATION_LEVEL = "-Onone";
			};
			name = Debug;
		};
		F5A2012B1DFAAE1A00193175 /* Release */ = {
			isa = XCBuildConfiguration;
			buildSettings = {
				ALWAYS_SEARCH_USER_PATHS = NO;
				CLANG_ANALYZER_NONNULL = YES;
				CLANG_CXX_LANGUAGE_STANDARD = "gnu++0x";
				CLANG_CXX_LIBRARY = "libc++";
				CLANG_ENABLE_MODULES = YES;
				CLANG_ENABLE_OBJC_ARC = YES;
				CLANG_WARN_BOOL_CONVERSION = YES;
				CLANG_WARN_CONSTANT_CONVERSION = YES;
				CLANG_WARN_DIRECT_OBJC_ISA_USAGE = YES_ERROR;
				CLANG_WARN_DOCUMENTATION_COMMENTS = YES;
				CLANG_WARN_EMPTY_BODY = YES;
				CLANG_WARN_ENUM_CONVERSION = YES;
				CLANG_WARN_INFINITE_RECURSION = YES;
				CLANG_WARN_INT_CONVERSION = YES;
				CLANG_WARN_OBJC_ROOT_CLASS = YES_ERROR;
				CLANG_WARN_SUSPICIOUS_MOVES = YES;
				CLANG_WARN_UNREACHABLE_CODE = YES;
				CLANG_WARN__DUPLICATE_METHOD_MATCH = YES;
				"CODE_SIGN_IDENTITY[sdk=iphoneos*]" = "iPhone Developer";
				COPY_PHASE_STRIP = NO;
				DEBUG_INFORMATION_FORMAT = "dwarf-with-dsym";
				ENABLE_NS_ASSERTIONS = NO;
				ENABLE_STRICT_OBJC_MSGSEND = YES;
				GCC_C_LANGUAGE_STANDARD = gnu99;
				GCC_NO_COMMON_BLOCKS = YES;
				GCC_WARN_64_TO_32_BIT_CONVERSION = YES;
				GCC_WARN_ABOUT_RETURN_TYPE = YES_ERROR;
				GCC_WARN_UNDECLARED_SELECTOR = YES;
				GCC_WARN_UNINITIALIZED_AUTOS = YES_AGGRESSIVE;
				GCC_WARN_UNUSED_FUNCTION = YES;
				GCC_WARN_UNUSED_VARIABLE = YES;
				IPHONEOS_DEPLOYMENT_TARGET = 10.0;
				MTL_ENABLE_DEBUG_INFO = NO;
				SDKROOT = iphoneos;
				SWIFT_OPTIMIZATION_LEVEL = "-Owholemodule";
				VALIDATE_PRODUCT = YES;
			};
			name = Release;
		};
		F5A2012D1DFAAE1A00193175 /* Debug */ = {
			isa = XCBuildConfiguration;
			buildSettings = {
				ASSETCATALOG_COMPILER_APPICON_NAME = AppIcon;
				DEVELOPMENT_TEAM = 96DYBAQ8SB;
				INFOPLIST_FILE = UnitTest/Info.plist;
				LD_RUNPATH_SEARCH_PATHS = "$(inherited) @executable_path/Frameworks";
				PRODUCT_BUNDLE_IDENTIFIER = none.UnitTest;
				PRODUCT_NAME = "$(TARGET_NAME)";
				SWIFT_VERSION = 3.0;
			};
			name = Debug;
		};
		F5A2012E1DFAAE1A00193175 /* Release */ = {
			isa = XCBuildConfiguration;
			buildSettings = {
				ASSETCATALOG_COMPILER_APPICON_NAME = AppIcon;
				DEVELOPMENT_TEAM = 96DYBAQ8SB;
				INFOPLIST_FILE = UnitTest/Info.plist;
				LD_RUNPATH_SEARCH_PATHS = "$(inherited) @executable_path/Frameworks";
				PRODUCT_BUNDLE_IDENTIFIER = none.UnitTest;
				PRODUCT_NAME = "$(TARGET_NAME)";
				SWIFT_VERSION = 3.0;
			};
			name = Release;
		};
		F5A201301DFAAE1A00193175 /* Debug */ = {
			isa = XCBuildConfiguration;
			buildSettings = {
				ALWAYS_EMBED_SWIFT_STANDARD_LIBRARIES = YES;
				BUNDLE_LOADER = "$(TEST_HOST)";
				INFOPLIST_FILE = UnitTestTests/Info.plist;
				LD_RUNPATH_SEARCH_PATHS = "$(inherited) @executable_path/Frameworks @loader_path/Frameworks";
				PRODUCT_BUNDLE_IDENTIFIER = none.UnitTestTests;
				PRODUCT_NAME = "$(TARGET_NAME)";
				SWIFT_VERSION = 3.0;
				TEST_HOST = "$(BUILT_PRODUCTS_DIR)/UnitTest.app/UnitTest";
			};
			name = Debug;
		};
		F5A201311DFAAE1A00193175 /* Release */ = {
			isa = XCBuildConfiguration;
			buildSettings = {
				ALWAYS_EMBED_SWIFT_STANDARD_LIBRARIES = YES;
				BUNDLE_LOADER = "$(TEST_HOST)";
				INFOPLIST_FILE = UnitTestTests/Info.plist;
				LD_RUNPATH_SEARCH_PATHS = "$(inherited) @executable_path/Frameworks @loader_path/Frameworks";
				PRODUCT_BUNDLE_IDENTIFIER = none.UnitTestTests;
				PRODUCT_NAME = "$(TARGET_NAME)";
				SWIFT_VERSION = 3.0;
				TEST_HOST = "$(BUILT_PRODUCTS_DIR)/UnitTest.app/UnitTest";
			};
			name = Release;
		};
/* End XCBuildConfiguration section */

/* Begin XCConfigurationList section */
		F5A2010A1DFAAE1A00193175 /* Build configuration list for PBXProject "UnitTest" */ = {
			isa = XCConfigurationList;
			buildConfigurations = (
				F5A2012A1DFAAE1A00193175 /* Debug */,
				F5A2012B1DFAAE1A00193175 /* Release */,
			);
			defaultConfigurationIsVisible = 0;
			defaultConfigurationName = Release;
		};
		F5A2012C1DFAAE1A00193175 /* Build configuration list for PBXNativeTarget "UnitTest" */ = {
			isa = XCConfigurationList;
			buildConfigurations = (
				F5A2012D1DFAAE1A00193175 /* Debug */,
				F5A2012E1DFAAE1A00193175 /* Release */,
			);
			defaultConfigurationIsVisible = 0;
		};
		F5A2012F1DFAAE1A00193175 /* Build configuration list for PBXNativeTarget "UnitTestTests" */ = {
			isa = XCConfigurationList;
			buildConfigurations = (
				F5A201301DFAAE1A00193175 /* Debug */,
				F5A201311DFAAE1A00193175 /* Release */,
			);
			defaultConfigurationIsVisible = 0;
		};
/* End XCConfigurationList section */
	};
	rootObject = F5A201071DFAAE1A00193175 /* Project object */;
}
